{
    "_readme": [
        "This file locks the dependencies of your project to a known state",
        "Read more about it at http://getcomposer.org/doc/01-basic-usage.md#composer-lock-the-lock-file"
    ],
    "hash": "ce1bf0ce5a57a75d446dd42309008ebb",
    "packages": [
        {
            "name": "mavimo/sculpin-projects-bundle",
            "version": "dev-master",
            "target-dir": "Mavimo/Sculpin/Bundle/ProjectsBundle",
            "source": {
                "type": "git",
                "url": "https://github.com/mavimo/sculpin-projects-bundle.git",
                "reference": "fdd9391d8ff32575e4a5349c3663eb06989f8fed"
            },
            "dist": {
                "type": "zip",
                "url": "https://api.github.com/repos/mavimo/sculpin-projects-bundle/zipball/fdd9391d8ff32575e4a5349c3663eb06989f8fed",
                "reference": "fdd9391d8ff32575e4a5349c3663eb06989f8fed",
                "shasum": ""
            },
            "require": {
                "php": ">=5.3.2"
            },
            "type": "library",
            "autoload": {
                "psr-0": {
                    "Mavimo\\Sculpin\\Bundle\\ProjectsBundle": ""
                }
            },
            "notification-url": "https://packagist.org/downloads/",
            "license": [
                "MIT"
            ],
            "authors": [
                {
                    "name": "Marco Vito Moscaritolo",
                    "email": "marco@mavimo.org",
                    "homepage": "http://www.mavimo.org"
                }
            ],
            "description": "Sculpin Projects Bundle",
            "homepage": "https://sculpin.io",
            "keywords": [
                "blog",
                "blogging",
                "projects",
                "site",
                "static"
            ],
            "time": "2013-12-27 19:33:30"
        }
    ],
    "packages-dev": [

    ],
    "aliases": [

    ],
    "minimum-stability": "stable",
    "stability-flags": {
        "mavimo/sculpin-projects-bundle": 20
    },
    "platform": [

    ],
    "platform-dev": [

    ]
}
